// !$*UTF8*$!
{
	archiveVersion = 1;
	classes = {
	};
	objectVersion = 56;
	objects = {

/* Begin PBXBuildFile section */
		7255201529AB814F008FA390 /* shenzhouApp.swift in Sources */ = {isa = PBXBuildFile; fileRef = 7255201429AB814F008FA390 /* shenzhouApp.swift */; };
		7255201729AB814F008FA390 /* ContentView.swift in Sources */ = {isa = PBXBuildFile; fileRef = 7255201629AB814F008FA390 /* ContentView.swift */; };
		7255201929AB8150008FA390 /* Assets.xcassets in Resources */ = {isa = PBXBuildFile; fileRef = 7255201829AB8150008FA390 /* Assets.xcassets */; };
		7255201C29AB8150008FA390 /* Preview Assets.xcassets in Resources */ = {isa = PBXBuildFile; fileRef = 7255201B29AB8150008FA390 /* Preview Assets.xcassets */; };
		7255202329AB816D008FA390 /* VGridView.swift in Sources */ = {isa = PBXBuildFile; fileRef = 7255202229AB816D008FA390 /* VGridView.swift */; };
		7255202529AB943C008FA390 /* HGridView.swift in Sources */ = {isa = PBXBuildFile; fileRef = 7255202429AB943C008FA390 /* HGridView.swift */; };
		7255202729AB9899008FA390 /* GeometryReaderView.swift in Sources */ = {isa = PBXBuildFile; fileRef = 7255202629AB9899008FA390 /* GeometryReaderView.swift */; };
		729D3DB229B0C9B9007568BB /* astronauts.json in Resources */ = {isa = PBXBuildFile; fileRef = 729D3DB029B0C9B9007568BB /* astronauts.json */; };
		729D3DB329B0C9B9007568BB /* plans.json in Resources */ = {isa = PBXBuildFile; fileRef = 729D3DB129B0C9B9007568BB /* plans.json */; };
		729D3DB629B0CA8A007568BB /* Plan.swift in Sources */ = {isa = PBXBuildFile; fileRef = 729D3DB529B0CA8A007568BB /* Plan.swift */; };
		729D3DB829B0CC36007568BB /* PlanVM.swift in Sources */ = {isa = PBXBuildFile; fileRef = 729D3DB729B0CC36007568BB /* PlanVM.swift */; };
		72B1C4E129B0D94600C62EB8 /* Constants.swift in Sources */ = {isa = PBXBuildFile; fileRef = 72B1C4E029B0D94600C62EB8 /* Constants.swift */; };
		72D1AAA829B43C0C0070D458 /* PlanView.swift in Sources */ = {isa = PBXBuildFile; fileRef = 72D1AAA729B43C0C0070D458 /* PlanView.swift */; };
		72D1AAAA29B443DC0070D458 /* SZDvider.swift in Sources */ = {isa = PBXBuildFile; fileRef = 72D1AAA929B443DC0070D458 /* SZDvider.swift */; };
		72D1AAAD29B445CF0070D458 /* astronauts.swift in Sources */ = {isa = PBXBuildFile; fileRef = 72D1AAAC29B445CF0070D458 /* astronauts.swift */; };
		72D1AAAF29B4461A0070D458 /* AstronautsVM.swift in Sources */ = {isa = PBXBuildFile; fileRef = 72D1AAAE29B4461A0070D458 /* AstronautsVM.swift */; };
		72D1AAB129B446DE0070D458 /* Bundle-Decodable.swift in Sources */ = {isa = PBXBuildFile; fileRef = 72D1AAB029B446DE0070D458 /* Bundle-Decodable.swift */; };
		72D1AAB329B449500070D458 /* AstronautView.swift in Sources */ = {isa = PBXBuildFile; fileRef = 72D1AAB229B449500070D458 /* AstronautView.swift */; };
		72D1AAB529B44D5B0070D458 /* Modifiers.swift in Sources */ = {isa = PBXBuildFile; fileRef = 72D1AAB429B44D5B0070D458 /* Modifiers.swift */; };
/* End PBXBuildFile section */

/* Begin PBXFileReference section */
		7255201129AB814F008FA390 /* shenzhou.app */ = {isa = PBXFileReference; explicitFileType = wrapper.application; includeInIndex = 0; path = shenzhou.app; sourceTree = BUILT_PRODUCTS_DIR; };
		7255201429AB814F008FA390 /* shenzhouApp.swift */ = {isa = PBXFileReference; lastKnownFileType = sourcecode.swift; path = shenzhouApp.swift; sourceTree = "<group>"; };
		7255201629AB814F008FA390 /* ContentView.swift */ = {isa = PBXFileReference; lastKnownFileType = sourcecode.swift; path = ContentView.swift; sourceTree = "<group>"; };
		7255201829AB8150008FA390 /* Assets.xcassets */ = {isa = PBXFileReference; lastKnownFileType = folder.assetcatalog; path = Assets.xcassets; sourceTree = "<group>"; };
		7255201B29AB8150008FA390 /* Preview Assets.xcassets */ = {isa = PBXFileReference; lastKnownFileType = folder.assetcatalog; path = "Preview Assets.xcassets"; sourceTree = "<group>"; };
		7255202229AB816D008FA390 /* VGridView.swift */ = {isa = PBXFileReference; lastKnownFileType = sourcecode.swift; path = VGridView.swift; sourceTree = "<group>"; };
		7255202429AB943C008FA390 /* HGridView.swift */ = {isa = PBXFileReference; lastKnownFileType = sourcecode.swift; path = HGridView.swift; sourceTree = "<group>"; };
		7255202629AB9899008FA390 /* GeometryReaderView.swift */ = {isa = PBXFileReference; lastKnownFileType = sourcecode.swift; path = GeometryReaderView.swift; sourceTree = "<group>"; };
		729D3DB029B0C9B9007568BB /* astronauts.json */ = {isa = PBXFileReference; fileEncoding = 4; lastKnownFileType = text.json; path = astronauts.json; sourceTree = "<group>"; };
		729D3DB129B0C9B9007568BB /* plans.json */ = {isa = PBXFileReference; fileEncoding = 4; lastKnownFileType = text.json; path = plans.json; sourceTree = "<group>"; };
		729D3DB529B0CA8A007568BB /* Plan.swift */ = {isa = PBXFileReference; lastKnownFileType = sourcecode.swift; path = Plan.swift; sourceTree = "<group>"; };
		729D3DB729B0CC36007568BB /* PlanVM.swift */ = {isa = PBXFileReference; lastKnownFileType = sourcecode.swift; path = PlanVM.swift; sourceTree = "<group>"; };
		72B1C4E029B0D94600C62EB8 /* Constants.swift */ = {isa = PBXFileReference; lastKnownFileType = sourcecode.swift; path = Constants.swift; sourceTree = "<group>"; };
		72D1AAA729B43C0C0070D458 /* PlanView.swift */ = {isa = PBXFileReference; lastKnownFileType = sourcecode.swift; path = PlanView.swift; sourceTree = "<group>"; };
		72D1AAA929B443DC0070D458 /* SZDvider.swift */ = {isa = PBXFileReference; lastKnownFileType = sourcecode.swift; path = SZDvider.swift; sourceTree = "<group>"; };
		72D1AAAC29B445CF0070D458 /* astronauts.swift */ = {isa = PBXFileReference; lastKnownFileType = sourcecode.swift; path = astronauts.swift; sourceTree = "<group>"; };
		72D1AAAE29B4461A0070D458 /* AstronautsVM.swift */ = {isa = PBXFileReference; lastKnownFileType = sourcecode.swift; path = AstronautsVM.swift; sourceTree = "<group>"; };
		72D1AAB029B446DE0070D458 /* Bundle-Decodable.swift */ = {isa = PBXFileReference; lastKnownFileType = sourcecode.swift; path = "Bundle-Decodable.swift"; sourceTree = "<group>"; };
		72D1AAB229B449500070D458 /* AstronautView.swift */ = {isa = PBXFileReference; lastKnownFileType = sourcecode.swift; path = AstronautView.swift; sourceTree = "<group>"; };
		72D1AAB429B44D5B0070D458 /* Modifiers.swift */ = {isa = PBXFileReference; lastKnownFileType = sourcecode.swift; path = Modifiers.swift; sourceTree = "<group>"; };
/* End PBXFileReference section */

/* Begin PBXFrameworksBuildPhase section */
		7255200E29AB814F008FA390 /* Frameworks */ = {
			isa = PBXFrameworksBuildPhase;
			buildActionMask = 2147483647;
			files = (
			);
			runOnlyForDeploymentPostprocessing = 0;
		};
/* End PBXFrameworksBuildPhase section */

/* Begin PBXGroup section */
		7255200829AB814F008FA390 = {
			isa = PBXGroup;
			children = (
				7255201329AB814F008FA390 /* shenzhou */,
				7255201229AB814F008FA390 /* Products */,
			);
			sourceTree = "<group>";
		};
		7255201229AB814F008FA390 /* Products */ = {
			isa = PBXGroup;
			children = (
				7255201129AB814F008FA390 /* shenzhou.app */,
			);
			name = Products;
			sourceTree = "<group>";
		};
		7255201329AB814F008FA390 /* shenzhou */ = {
			isa = PBXGroup;
			children = (
				7255201429AB814F008FA390 /* shenzhouApp.swift */,
				729D3DB529B0CA8A007568BB /* Plan.swift */,
				72D1AAA729B43C0C0070D458 /* PlanView.swift */,
				729D3DB729B0CC36007568BB /* PlanVM.swift */,
				72D1AAAC29B445CF0070D458 /* astronauts.swift */,
				72D1AAAE29B4461A0070D458 /* AstronautsVM.swift */,
				72D1AAB229B449500070D458 /* AstronautView.swift */,
				72D1AAAB29B444FD0070D458 /* Common */,
				729D3DB429B0C9F3007568BB /* Resources */,
				7255201829AB8150008FA390 /* Assets.xcassets */,
				7255201A29AB8150008FA390 /* Preview Content */,
			);
			path = shenzhou;
			sourceTree = "<group>";
		};
		7255201A29AB8150008FA390 /* Preview Content */ = {
			isa = PBXGroup;
			children = (
				7255201B29AB8150008FA390 /* Preview Assets.xcassets */,
			);
			path = "Preview Content";
			sourceTree = "<group>";
		};
		729D3DB429B0C9F3007568BB /* Resources */ = {
			isa = PBXGroup;
			children = (
				729D3DB029B0C9B9007568BB /* astronauts.json */,
				729D3DB129B0C9B9007568BB /* plans.json */,
			);
			path = Resources;
			sourceTree = "<group>";
		};
		72D1AAAB29B444FD0070D458 /* Common */ = {
			isa = PBXGroup;
			children = (
				7255201629AB814F008FA390 /* ContentView.swift */,
				7255202229AB816D008FA390 /* VGridView.swift */,
				7255202429AB943C008FA390 /* HGridView.swift */,
				72B1C4E029B0D94600C62EB8 /* Constants.swift */,
				7255202629AB9899008FA390 /* GeometryReaderView.swift */,
				72D1AAA929B443DC0070D458 /* SZDvider.swift */,
				72D1AAB029B446DE0070D458 /* Bundle-Decodable.swift */,
				72D1AAB429B44D5B0070D458 /* Modifiers.swift */,
			);
			path = Common;
			sourceTree = "<group>";
		};
/* End PBXGroup section */

/* Begin PBXNativeTarget section */
		7255201029AB814F008FA390 /* shenzhou */ = {
			isa = PBXNativeTarget;
			buildConfigurationList = 7255201F29AB8150008FA390 /* Build configuration list for PBXNativeTarget "shenzhou" */;
			buildPhases = (
				7255200D29AB814F008FA390 /* Sources */,
				7255200E29AB814F008FA390 /* Frameworks */,
				7255200F29AB814F008FA390 /* Resources */,
			);
			buildRules = (
			);
			dependencies = (
			);
			name = shenzhou;
			productName = shenzhou;
			productReference = 7255201129AB814F008FA390 /* shenzhou.app */;
			productType = "com.apple.product-type.application";
		};
/* End PBXNativeTarget section */

/* Begin PBXProject section */
		7255200929AB814F008FA390 /* Project object */ = {
			isa = PBXProject;
			attributes = {
				BuildIndependentTargetsInParallel = 1;
				LastSwiftUpdateCheck = 1420;
				LastUpgradeCheck = 1420;
				TargetAttributes = {
					7255201029AB814F008FA390 = {
						CreatedOnToolsVersion = 14.2;
					};
				};
			};
			buildConfigurationList = 7255200C29AB814F008FA390 /* Build configuration list for PBXProject "shenzhou" */;
			compatibilityVersion = "Xcode 14.0";
			developmentRegion = en;
			hasScannedForEncodings = 0;
			knownRegions = (
				en,
				Base,
			);
			mainGroup = 7255200829AB814F008FA390;
			productRefGroup = 7255201229AB814F008FA390 /* Products */;
			projectDirPath = "";
			projectRoot = "";
			targets = (
				7255201029AB814F008FA390 /* shenzhou */,
			);
		};
/* End PBXProject section */

/* Begin PBXResourcesBuildPhase section */
		7255200F29AB814F008FA390 /* Resources */ = {
			isa = PBXResourcesBuildPhase;
			buildActionMask = 2147483647;
			files = (
				729D3DB329B0C9B9007568BB /* plans.json in Resources */,
				729D3DB229B0C9B9007568BB /* astronauts.json in Resources */,
				7255201C29AB8150008FA390 /* Preview Assets.xcassets in Resources */,
				7255201929AB8150008FA390 /* Assets.xcassets in Resources */,
			);
			runOnlyForDeploymentPostprocessing = 0;
		};
/* End PBXResourcesBuildPhase section */

/* Begin PBXSourcesBuildPhase section */
		7255200D29AB814F008FA390 /* Sources */ = {
			isa = PBXSourcesBuildPhase;
			buildActionMask = 2147483647;
			files = (
				72D1AAB329B449500070D458 /* AstronautView.swift in Sources */,
				72D1AAAA29B443DC0070D458 /* SZDvider.swift in Sources */,
				7255201729AB814F008FA390 /* ContentView.swift in Sources */,
				7255202329AB816D008FA390 /* VGridView.swift in Sources */,
				72D1AAB529B44D5B0070D458 /* Modifiers.swift in Sources */,
				72D1AAA829B43C0C0070D458 /* PlanView.swift in Sources */,
				72D1AAB129B446DE0070D458 /* Bundle-Decodable.swift in Sources */,
				729D3DB829B0CC36007568BB /* PlanVM.swift in Sources */,
				729D3DB629B0CA8A007568BB /* Plan.swift in Sources */,
				7255201529AB814F008FA390 /* shenzhouApp.swift in Sources */,
				72D1AAAD29B445CF0070D458 /* astronauts.swift in Sources */,
				72D1AAAF29B4461A0070D458 /* AstronautsVM.swift in Sources */,
				7255202729AB9899008FA390 /* GeometryReaderView.swift in Sources */,
				7255202529AB943C008FA390 /* HGridView.swift in Sources */,
				72B1C4E129B0D94600C62EB8 /* Constants.swift in Sources */,
			);
			runOnlyForDeploymentPostprocessing = 0;
		};
/* End PBXSourcesBuildPhase section */

/* Begin XCBuildConfiguration section */
		7255201D29AB8150008FA390 /* Debug */ = {
			isa = XCBuildConfiguration;
			buildSettings = {
				ALWAYS_SEARCH_USER_PATHS = NO;
				CLANG_ANALYZER_NONNULL = YES;
				CLANG_ANALYZER_NUMBER_OBJECT_CONVERSION = YES_AGGRESSIVE;
				CLANG_CXX_LANGUAGE_STANDARD = "gnu++20";
				CLANG_ENABLE_MODULES = YES;
				CLANG_ENABLE_OBJC_ARC = YES;
				CLANG_ENABLE_OBJC_WEAK = YES;
				CLANG_WARN_BLOCK_CAPTURE_AUTORELEASING = YES;
				CLANG_WARN_BOOL_CONVERSION = YES;
				CLANG_WARN_COMMA = YES;
				CLANG_WARN_CONSTANT_CONVERSION = YES;
				CLANG_WARN_DEPRECATED_OBJC_IMPLEMENTATIONS = YES;
				CLANG_WARN_DIRECT_OBJC_ISA_USAGE = YES_ERROR;
				CLANG_WARN_DOCUMENTATION_COMMENTS = YES;
				CLANG_WARN_EMPTY_BODY = YES;
				CLANG_WARN_ENUM_CONVERSION = YES;
				CLANG_WARN_INFINITE_RECURSION = YES;
				CLANG_WARN_INT_CONVERSION = YES;
				CLANG_WARN_NON_LITERAL_NULL_CONVERSION = YES;
				CLANG_WARN_OBJC_IMPLICIT_RETAIN_SELF = YES;
				CLANG_WARN_OBJC_LITERAL_CONVERSION = YES;
				CLANG_WARN_OBJC_ROOT_CLASS = YES_ERROR;
				CLANG_WARN_QUOTED_INCLUDE_IN_FRAMEWORK_HEADER = YES;
				CLANG_WARN_RANGE_LOOP_ANALYSIS = YES;
				CLANG_WARN_STRICT_PROTOTYPES = YES;
				CLANG_WARN_SUSPICIOUS_MOVE = YES;
				CLANG_WARN_UNGUARDED_AVAILABILITY = YES_AGGRESSIVE;
				CLANG_WARN_UNREACHABLE_CODE = YES;
				CLANG_WARN__DUPLICATE_METHOD_MATCH = YES;
				COPY_PHASE_STRIP = NO;
				DEBUG_INFORMATION_FORMAT = dwarf;
				ENABLE_STRICT_OBJC_MSGSEND = YES;
				ENABLE_TESTABILITY = YES;
				GCC_C_LANGUAGE_STANDARD = gnu11;
				GCC_DYNAMIC_NO_PIC = NO;
				GCC_NO_COMMON_BLOCKS = YES;
				GCC_OPTIMIZATION_LEVEL = 0;
				GCC_PREPROCESSOR_DEFINITIONS = (
					"DEBUG=1",
					"$(inherited)",
				);
				GCC_WARN_64_TO_32_BIT_CONVERSION = YES;
				GCC_WARN_ABOUT_RETURN_TYPE = YES_ERROR;
				GCC_WARN_UNDECLARED_SELECTOR = YES;
				GCC_WARN_UNINITIALIZED_AUTOS = YES_AGGRESSIVE;
				GCC_WARN_UNUSED_FUNCTION = YES;
				GCC_WARN_UNUSED_VARIABLE = YES;
				IPHONEOS_DEPLOYMENT_TARGET = 16.2;
				MTL_ENABLE_DEBUG_INFO = INCLUDE_SOURCE;
				MTL_FAST_MATH = YES;
				ONLY_ACTIVE_ARCH = YES;
				SDKROOT = iphoneos;
				SWIFT_ACTIVE_COMPILATION_CONDITIONS = DEBUG;
				SWIFT_OPTIMIZATION_LEVEL = "-Onone";
			};
			name = Debug;
		};
		7255201E29AB8150008FA390 /* Release */ = {
			isa = XCBuildConfiguration;
			buildSettings = {
				ALWAYS_SEARCH_USER_PATHS = NO;
				CLANG_ANALYZER_NONNULL = YES;
				CLANG_ANALYZER_NUMBER_OBJECT_CONVERSION = YES_AGGRESSIVE;
				CLANG_CXX_LANGUAGE_STANDARD = "gnu++20";
				CLANG_ENABLE_MODULES = YES;
				CLANG_ENABLE_OBJC_ARC = YES;
				CLANG_ENABLE_OBJC_WEAK = YES;
				CLANG_WARN_BLOCK_CAPTURE_AUTORELEASING = YES;
				CLANG_WARN_BOOL_CONVERSION = YES;
				CLANG_WARN_COMMA = YES;
				CLANG_WARN_CONSTANT_CONVERSION = YES;
				CLANG_WARN_DEPRECATED_OBJC_IMPLEMENTATIONS = YES;
				CLANG_WARN_DIRECT_OBJC_ISA_USAGE = YES_ERROR;
				CLANG_WARN_DOCUMENTATION_COMMENTS = YES;
				CLANG_WARN_EMPTY_BODY = YES;
				CLANG_WARN_ENUM_CONVERSION = YES;
				CLANG_WARN_INFINITE_RECURSION = YES;
				CLANG_WARN_INT_CONVERSION = YES;
				CLANG_WARN_NON_LITERAL_NULL_CONVERSION = YES;
				CLANG_WARN_OBJC_IMPLICIT_RETAIN_SELF = YES;
				CLANG_WARN_OBJC_LITERAL_CONVERSION = YES;
				CLANG_WARN_OBJC_ROOT_CLASS = YES_ERROR;
				CLANG_WARN_QUOTED_INCLUDE_IN_FRAMEWORK_HEADER = YES;
				CLANG_WARN_RANGE_LOOP_ANALYSIS = YES;
				CLANG_WARN_STRICT_PROTOTYPES = YES;
				CLANG_WARN_SUSPICIOUS_MOVE = YES;
				CLANG_WARN_UNGUARDED_AVAILABILITY = YES_AGGRESSIVE;
				CLANG_WARN_UNREACHABLE_CODE = YES;
				CLANG_WARN__DUPLICATE_METHOD_MATCH = YES;
				COPY_PHASE_STRIP = NO;
				DEBUG_INFORMATION_FORMAT = "dwarf-with-dsym";
				ENABLE_NS_ASSERTIONS = NO;
				ENABLE_STRICT_OBJC_MSGSEND = YES;
				GCC_C_LANGUAGE_STANDARD = gnu11;
				GCC_NO_COMMON_BLOCKS = YES;
				GCC_WARN_64_TO_32_BIT_CONVERSION = YES;
				GCC_WARN_ABOUT_RETURN_TYPE = YES_ERROR;
				GCC_WARN_UNDECLARED_SELECTOR = YES;
				GCC_WARN_UNINITIALIZED_AUTOS = YES_AGGRESSIVE;
				GCC_WARN_UNUSED_FUNCTION = YES;
				GCC_WARN_UNUSED_VARIABLE = YES;
				IPHONEOS_DEPLOYMENT_TARGET = 16.2;
				MTL_ENABLE_DEBUG_INFO = NO;
				MTL_FAST_MATH = YES;
				SDKROOT = iphoneos;
				SWIFT_COMPILATION_MODE = wholemodule;
				SWIFT_OPTIMIZATION_LEVEL = "-O";
				VALIDATE_PRODUCT = YES;
			};
			name = Release;
		};
		7255202029AB8150008FA390 /* Debug */ = {
			isa = XCBuildConfiguration;
			buildSettings = {
				ASSETCATALOG_COMPILER_APPICON_NAME = AppIcon;
				ASSETCATALOG_COMPILER_GLOBAL_ACCENT_COLOR_NAME = AccentColor;
				CODE_SIGN_STYLE = Automatic;
				CURRENT_PROJECT_VERSION = 1;
				DEVELOPMENT_ASSET_PATHS = "\"shenzhou/Preview Content\"";
				ENABLE_PREVIEWS = YES;
				GENERATE_INFOPLIST_FILE = YES;
				INFOPLIST_KEY_UIApplicationSceneManifest_Generation = YES;
				INFOPLIST_KEY_UIApplicationSupportsIndirectInputEvents = YES;
				INFOPLIST_KEY_UILaunchScreen_Generation = YES;
				INFOPLIST_KEY_UISupportedInterfaceOrientations_iPad = "UIInterfaceOrientationPortrait UIInterfaceOrientationPortraitUpsideDown UIInterfaceOrientationLandscapeLeft UIInterfaceOrientationLandscapeRight";
				INFOPLIST_KEY_UISupportedInterfaceOrientations_iPhone = "UIInterfaceOrientationPortrait UIInterfaceOrientationLandscapeLeft UIInterfaceOrientationLandscapeRight";
				LD_RUNPATH_SEARCH_PATHS = (
					"$(inherited)",
					"@executable_path/Frameworks",
				);
				MARKETING_VERSION = 1.0;
				PRODUCT_BUNDLE_IDENTIFIER = com.liunianhuaguoyanxi.shenzhou;
				PRODUCT_NAME = "$(TARGET_NAME)";
				SWIFT_EMIT_LOC_STRINGS = YES;
				SWIFT_VERSION = 5.0;
				TARGETED_DEVICE_FAMILY = "1,2";
			};
			name = Debug;
		};
		7255202129AB8150008FA390 /* Release */ = {
			isa = XCBuildConfiguration;
			buildSettings = {
				ASSETCATALOG_COMPILER_APPICON_NAME = AppIcon;
				ASSETCATALOG_COMPILER_GLOBAL_ACCENT_COLOR_NAME = AccentColor;
				CODE_SIGN_STYLE = Automatic;
				CURRENT_PROJECT_VERSION = 1;
				DEVELOPMENT_ASSET_PATHS = "\"shenzhou/Preview Content\"";
				ENABLE_PREVIEWS = YES;
				GENERATE_INFOPLIST_FILE = YES;
				INFOPLIST_KEY_UIApplicationSceneManifest_Generation = YES;
				INFOPLIST_KEY_UIApplicationSupportsIndirectInputEvents = YES;
				INFOPLIST_KEY_UILaunchScreen_Generation = YES;
				INFOPLIST_KEY_UISupportedInterfaceOrientations_iPad = "UIInterfaceOrientationPortrait UIInterfaceOrientationPortraitUpsideDown UIInterfaceOrientationLandscapeLeft UIInterfaceOrientationLandscapeRight";
				INFOPLIST_KEY_UISupportedInterfaceOrientations_iPhone = "UIInterfaceOrientationPortrait UIInterfaceOrientationLandscapeLeft UIInterfaceOrientationLandscapeRight";
				LD_RUNPATH_SEARCH_PATHS = (
					"$(inherited)",
					"@executable_path/Frameworks",
				);
				MARKETING_VERSION = 1.0;
				PRODUCT_BUNDLE_IDENTIFIER = com.liunianhuaguoyanxi.shenzhou;
				PRODUCT_NAME = "$(TARGET_NAME)";
				SWIFT_EMIT_LOC_STRINGS = YES;
				SWIFT_VERSION = 5.0;
				TARGETED_DEVICE_FAMILY = "1,2";
			};
			name = Release;
		};
/* End XCBuildConfiguration section */

/* Begin XCConfigurationList section */
		7255200C29AB814F008FA390 /* Build configuration list for PBXProject "shenzhou" */ = {
			isa = XCConfigurationList;
			buildConfigurations = (
				7255201D29AB8150008FA390 /* Debug */,
				7255201E29AB8150008FA390 /* Release */,
			);
			defaultConfigurationIsVisible = 0;
			defaultConfigurationName = Release;
		};
		7255201F29AB8150008FA390 /* Build configuration list for PBXNativeTarget "shenzhou" */ = {
			isa = XCConfigurationList;
			buildConfigurations = (
				7255202029AB8150008FA390 /* Debug */,
				7255202129AB8150008FA390 /* Release */,
			);
			defaultConfigurationIsVisible = 0;
			defaultConfigurationName = Release;
		};
/* End XCConfigurationList section */
	};
	rootObject = 7255200929AB814F008FA390 /* Project object */;
}
