// !$*UTF8*$!
{
	archiveVersion = 1;
	classes = {
	};
	objectVersion = 55;
	objects = {

/* Begin PBXBuildFile section */
		A419202F282A8C0B00E869EA /* Expense_PresentApp.swift in Sources */ = {isa = PBXBuildFile; fileRef = A419202E282A8C0B00E869EA /* Expense_PresentApp.swift */; };
		A4192031282A8C0B00E869EA /* ContentView.swift in Sources */ = {isa = PBXBuildFile; fileRef = A4192030282A8C0B00E869EA /* ContentView.swift */; };
		A4192033282A8C0B00E869EA /* Assets.xcassets in Resources */ = {isa = PBXBuildFile; fileRef = A4192032282A8C0B00E869EA /* Assets.xcassets */; };
		A4192036282A8C0B00E869EA /* Preview Assets.xcassets in Resources */ = {isa = PBXBuildFile; fileRef = A4192035282A8C0B00E869EA /* Preview Assets.xcassets */; };
		A419203D282A8C3800E869EA /* ExpenseItem.swift in Sources */ = {isa = PBXBuildFile; fileRef = A419203C282A8C3800E869EA /* ExpenseItem.swift */; };
		A4192040282A8C5F00E869EA /* Expense.swift in Sources */ = {isa = PBXBuildFile; fileRef = A419203F282A8C5F00E869EA /* Expense.swift */; };
		A4192046282A8DAF00E869EA /* ExpenseItemView.swift in Sources */ = {isa = PBXBuildFile; fileRef = A4192045282A8DAF00E869EA /* ExpenseItemView.swift */; };
		A4192048282A8E5B00E869EA /* EditView.swift in Sources */ = {isa = PBXBuildFile; fileRef = A4192047282A8E5B00E869EA /* EditView.swift */; };
/* End PBXBuildFile section */

/* Begin PBXFileReference section */
		A419202B282A8C0B00E869EA /* Expense-Present.app */ = {isa = PBXFileReference; explicitFileType = wrapper.application; includeInIndex = 0; path = "Expense-Present.app"; sourceTree = BUILT_PRODUCTS_DIR; };
		A419202E282A8C0B00E869EA /* Expense_PresentApp.swift */ = {isa = PBXFileReference; lastKnownFileType = sourcecode.swift; path = Expense_PresentApp.swift; sourceTree = "<group>"; };
		A4192030282A8C0B00E869EA /* ContentView.swift */ = {isa = PBXFileReference; lastKnownFileType = sourcecode.swift; path = ContentView.swift; sourceTree = "<group>"; };
		A4192032282A8C0B00E869EA /* Assets.xcassets */ = {isa = PBXFileReference; lastKnownFileType = folder.assetcatalog; path = Assets.xcassets; sourceTree = "<group>"; };
		A4192035282A8C0B00E869EA /* Preview Assets.xcassets */ = {isa = PBXFileReference; lastKnownFileType = folder.assetcatalog; path = "Preview Assets.xcassets"; sourceTree = "<group>"; };
		A419203C282A8C3800E869EA /* ExpenseItem.swift */ = {isa = PBXFileReference; lastKnownFileType = sourcecode.swift; path = ExpenseItem.swift; sourceTree = "<group>"; };
		A419203F282A8C5F00E869EA /* Expense.swift */ = {isa = PBXFileReference; lastKnownFileType = sourcecode.swift; path = Expense.swift; sourceTree = "<group>"; };
		A4192045282A8DAF00E869EA /* ExpenseItemView.swift */ = {isa = PBXFileReference; lastKnownFileType = sourcecode.swift; path = ExpenseItemView.swift; sourceTree = "<group>"; };
		A4192047282A8E5B00E869EA /* EditView.swift */ = {isa = PBXFileReference; lastKnownFileType = sourcecode.swift; path = EditView.swift; sourceTree = "<group>"; };
/* End PBXFileReference section */

/* Begin PBXFrameworksBuildPhase section */
		A4192028282A8C0B00E869EA /* Frameworks */ = {
			isa = PBXFrameworksBuildPhase;
			buildActionMask = 2147483647;
			files = (
			);
			runOnlyForDeploymentPostprocessing = 0;
		};
/* End PBXFrameworksBuildPhase section */

/* Begin PBXGroup section */
		A4192022282A8C0B00E869EA = {
			isa = PBXGroup;
			children = (
				A419202D282A8C0B00E869EA /* Expense-Present */,
				A419202C282A8C0B00E869EA /* Products */,
			);
			sourceTree = "<group>";
		};
		A419202C282A8C0B00E869EA /* Products */ = {
			isa = PBXGroup;
			children = (
				A419202B282A8C0B00E869EA /* Expense-Present.app */,
			);
			name = Products;
			sourceTree = "<group>";
		};
		A419202D282A8C0B00E869EA /* Expense-Present */ = {
			isa = PBXGroup;
			children = (
				A419202E282A8C0B00E869EA /* Expense_PresentApp.swift */,
				A419203E282A8C4D00E869EA /* Model */,
				A4192041282A8C6700E869EA /* ViewModel */,
				A4192044282A8CBB00E869EA /* View */,
				A4192032282A8C0B00E869EA /* Assets.xcassets */,
				A4192034282A8C0B00E869EA /* Preview Content */,
			);
			path = "Expense-Present";
			sourceTree = "<group>";
		};
		A4192034282A8C0B00E869EA /* Preview Content */ = {
			isa = PBXGroup;
			children = (
				A4192035282A8C0B00E869EA /* Preview Assets.xcassets */,
			);
			path = "Preview Content";
			sourceTree = "<group>";
		};
		A419203E282A8C4D00E869EA /* Model */ = {
			isa = PBXGroup;
			children = (
				A419203C282A8C3800E869EA /* ExpenseItem.swift */,
			);
			path = Model;
			sourceTree = "<group>";
		};
		A4192041282A8C6700E869EA /* ViewModel */ = {
			isa = PBXGroup;
			children = (
				A419203F282A8C5F00E869EA /* Expense.swift */,
			);
			path = ViewModel;
			sourceTree = "<group>";
		};
		A4192044282A8CBB00E869EA /* View */ = {
			isa = PBXGroup;
			children = (
				A4192030282A8C0B00E869EA /* ContentView.swift */,
				A4192045282A8DAF00E869EA /* ExpenseItemView.swift */,
				A4192047282A8E5B00E869EA /* EditView.swift */,
			);
			path = View;
			sourceTree = "<group>";
		};
/* End PBXGroup section */

/* Begin PBXNativeTarget section */
		A419202A282A8C0B00E869EA /* Expense-Present */ = {
			isa = PBXNativeTarget;
			buildConfigurationList = A4192039282A8C0B00E869EA /* Build configuration list for PBXNativeTarget "Expense-Present" */;
			buildPhases = (
				A4192027282A8C0B00E869EA /* Sources */,
				A4192028282A8C0B00E869EA /* Frameworks */,
				A4192029282A8C0B00E869EA /* Resources */,
			);
			buildRules = (
			);
			dependencies = (
			);
			name = "Expense-Present";
			productName = "Expense-Present";
			productReference = A419202B282A8C0B00E869EA /* Expense-Present.app */;
			productType = "com.apple.product-type.application";
		};
/* End PBXNativeTarget section */

/* Begin PBXProject section */
		A4192023282A8C0B00E869EA /* Project object */ = {
			isa = PBXProject;
			attributes = {
				BuildIndependentTargetsInParallel = 1;
				LastSwiftUpdateCheck = 1330;
				LastUpgradeCheck = 1330;
				TargetAttributes = {
					A419202A282A8C0B00E869EA = {
						CreatedOnToolsVersion = 13.3.1;
					};
				};
			};
			buildConfigurationList = A4192026282A8C0B00E869EA /* Build configuration list for PBXProject "Expense-Present" */;
			compatibilityVersion = "Xcode 13.0";
			developmentRegion = en;
			hasScannedForEncodings = 0;
			knownRegions = (
				en,
				Base,
			);
			mainGroup = A4192022282A8C0B00E869EA;
			productRefGroup = A419202C282A8C0B00E869EA /* Products */;
			projectDirPath = "";
			projectRoot = "";
			targets = (
				A419202A282A8C0B00E869EA /* Expense-Present */,
			);
		};
/* End PBXProject section */

/* Begin PBXResourcesBuildPhase section */
		A4192029282A8C0B00E869EA /* Resources */ = {
			isa = PBXResourcesBuildPhase;
			buildActionMask = 2147483647;
			files = (
				A4192036282A8C0B00E869EA /* Preview Assets.xcassets in Resources */,
				A4192033282A8C0B00E869EA /* Assets.xcassets in Resources */,
			);
			runOnlyForDeploymentPostprocessing = 0;
		};
/* End PBXResourcesBuildPhase section */

/* Begin PBXSourcesBuildPhase section */
		A4192027282A8C0B00E869EA /* Sources */ = {
			isa = PBXSourcesBuildPhase;
			buildActionMask = 2147483647;
			files = (
				A4192040282A8C5F00E869EA /* Expense.swift in Sources */,
				A4192031282A8C0B00E869EA /* ContentView.swift in Sources */,
				A419203D282A8C3800E869EA /* ExpenseItem.swift in Sources */,
				A4192048282A8E5B00E869EA /* EditView.swift in Sources */,
				A4192046282A8DAF00E869EA /* ExpenseItemView.swift in Sources */,
				A419202F282A8C0B00E869EA /* Expense_PresentApp.swift in Sources */,
			);
			runOnlyForDeploymentPostprocessing = 0;
		};
/* End PBXSourcesBuildPhase section */

/* Begin XCBuildConfiguration section */
		A4192037282A8C0B00E869EA /* Debug */ = {
			isa = XCBuildConfiguration;
			buildSettings = {
				ALWAYS_SEARCH_USER_PATHS = NO;
				CLANG_ANALYZER_NONNULL = YES;
				CLANG_ANALYZER_NUMBER_OBJECT_CONVERSION = YES_AGGRESSIVE;
				CLANG_CXX_LANGUAGE_STANDARD = "gnu++17";
				CLANG_ENABLE_MODULES = YES;
				CLANG_ENABLE_OBJC_ARC = YES;
				CLANG_ENABLE_OBJC_WEAK = YES;
				CLANG_WARN_BLOCK_CAPTURE_AUTORELEASING = YES;
				CLANG_WARN_BOOL_CONVERSION = YES;
				CLANG_WARN_COMMA = YES;
				CLANG_WARN_CONSTANT_CONVERSION = YES;
				CLANG_WARN_DEPRECATED_OBJC_IMPLEMENTATIONS = YES;
				CLANG_WARN_DIRECT_OBJC_ISA_USAGE = YES_ERROR;
				CLANG_WARN_DOCUMENTATION_COMMENTS = YES;
				CLANG_WARN_EMPTY_BODY = YES;
				CLANG_WARN_ENUM_CONVERSION = YES;
				CLANG_WARN_INFINITE_RECURSION = YES;
				CLANG_WARN_INT_CONVERSION = YES;
				CLANG_WARN_NON_LITERAL_NULL_CONVERSION = YES;
				CLANG_WARN_OBJC_IMPLICIT_RETAIN_SELF = YES;
				CLANG_WARN_OBJC_LITERAL_CONVERSION = YES;
				CLANG_WARN_OBJC_ROOT_CLASS = YES_ERROR;
				CLANG_WARN_QUOTED_INCLUDE_IN_FRAMEWORK_HEADER = YES;
				CLANG_WARN_RANGE_LOOP_ANALYSIS = YES;
				CLANG_WARN_STRICT_PROTOTYPES = YES;
				CLANG_WARN_SUSPICIOUS_MOVE = YES;
				CLANG_WARN_UNGUARDED_AVAILABILITY = YES_AGGRESSIVE;
				CLANG_WARN_UNREACHABLE_CODE = YES;
				CLANG_WARN__DUPLICATE_METHOD_MATCH = YES;
				COPY_PHASE_STRIP = NO;
				DEBUG_INFORMATION_FORMAT = dwarf;
				ENABLE_STRICT_OBJC_MSGSEND = YES;
				ENABLE_TESTABILITY = YES;
				GCC_C_LANGUAGE_STANDARD = gnu11;
				GCC_DYNAMIC_NO_PIC = NO;
				GCC_NO_COMMON_BLOCKS = YES;
				GCC_OPTIMIZATION_LEVEL = 0;
				GCC_PREPROCESSOR_DEFINITIONS = (
					"DEBUG=1",
					"$(inherited)",
				);
				GCC_WARN_64_TO_32_BIT_CONVERSION = YES;
				GCC_WARN_ABOUT_RETURN_TYPE = YES_ERROR;
				GCC_WARN_UNDECLARED_SELECTOR = YES;
				GCC_WARN_UNINITIALIZED_AUTOS = YES_AGGRESSIVE;
				GCC_WARN_UNUSED_FUNCTION = YES;
				GCC_WARN_UNUSED_VARIABLE = YES;
				IPHONEOS_DEPLOYMENT_TARGET = 15.4;
				MTL_ENABLE_DEBUG_INFO = INCLUDE_SOURCE;
				MTL_FAST_MATH = YES;
				ONLY_ACTIVE_ARCH = YES;
				SDKROOT = iphoneos;
				SWIFT_ACTIVE_COMPILATION_CONDITIONS = DEBUG;
				SWIFT_OPTIMIZATION_LEVEL = "-Onone";
			};
			name = Debug;
		};
		A4192038282A8C0B00E869EA /* Release */ = {
			isa = XCBuildConfiguration;
			buildSettings = {
				ALWAYS_SEARCH_USER_PATHS = NO;
				CLANG_ANALYZER_NONNULL = YES;
				CLANG_ANALYZER_NUMBER_OBJECT_CONVERSION = YES_AGGRESSIVE;
				CLANG_CXX_LANGUAGE_STANDARD = "gnu++17";
				CLANG_ENABLE_MODULES = YES;
				CLANG_ENABLE_OBJC_ARC = YES;
				CLANG_ENABLE_OBJC_WEAK = YES;
				CLANG_WARN_BLOCK_CAPTURE_AUTORELEASING = YES;
				CLANG_WARN_BOOL_CONVERSION = YES;
				CLANG_WARN_COMMA = YES;
				CLANG_WARN_CONSTANT_CONVERSION = YES;
				CLANG_WARN_DEPRECATED_OBJC_IMPLEMENTATIONS = YES;
				CLANG_WARN_DIRECT_OBJC_ISA_USAGE = YES_ERROR;
				CLANG_WARN_DOCUMENTATION_COMMENTS = YES;
				CLANG_WARN_EMPTY_BODY = YES;
				CLANG_WARN_ENUM_CONVERSION = YES;
				CLANG_WARN_INFINITE_RECURSION = YES;
				CLANG_WARN_INT_CONVERSION = YES;
				CLANG_WARN_NON_LITERAL_NULL_CONVERSION = YES;
				CLANG_WARN_OBJC_IMPLICIT_RETAIN_SELF = YES;
				CLANG_WARN_OBJC_LITERAL_CONVERSION = YES;
				CLANG_WARN_OBJC_ROOT_CLASS = YES_ERROR;
				CLANG_WARN_QUOTED_INCLUDE_IN_FRAMEWORK_HEADER = YES;
				CLANG_WARN_RANGE_LOOP_ANALYSIS = YES;
				CLANG_WARN_STRICT_PROTOTYPES = YES;
				CLANG_WARN_SUSPICIOUS_MOVE = YES;
				CLANG_WARN_UNGUARDED_AVAILABILITY = YES_AGGRESSIVE;
				CLANG_WARN_UNREACHABLE_CODE = YES;
				CLANG_WARN__DUPLICATE_METHOD_MATCH = YES;
				COPY_PHASE_STRIP = NO;
				DEBUG_INFORMATION_FORMAT = "dwarf-with-dsym";
				ENABLE_NS_ASSERTIONS = NO;
				ENABLE_STRICT_OBJC_MSGSEND = YES;
				GCC_C_LANGUAGE_STANDARD = gnu11;
				GCC_NO_COMMON_BLOCKS = YES;
				GCC_WARN_64_TO_32_BIT_CONVERSION = YES;
				GCC_WARN_ABOUT_RETURN_TYPE = YES_ERROR;
				GCC_WARN_UNDECLARED_SELECTOR = YES;
				GCC_WARN_UNINITIALIZED_AUTOS = YES_AGGRESSIVE;
				GCC_WARN_UNUSED_FUNCTION = YES;
				GCC_WARN_UNUSED_VARIABLE = YES;
				IPHONEOS_DEPLOYMENT_TARGET = 15.4;
				MTL_ENABLE_DEBUG_INFO = NO;
				MTL_FAST_MATH = YES;
				SDKROOT = iphoneos;
				SWIFT_COMPILATION_MODE = wholemodule;
				SWIFT_OPTIMIZATION_LEVEL = "-O";
				VALIDATE_PRODUCT = YES;
			};
			name = Release;
		};
		A419203A282A8C0B00E869EA /* Debug */ = {
			isa = XCBuildConfiguration;
			buildSettings = {
				ASSETCATALOG_COMPILER_APPICON_NAME = AppIcon;
				ASSETCATALOG_COMPILER_GLOBAL_ACCENT_COLOR_NAME = AccentColor;
				CODE_SIGN_STYLE = Automatic;
				CURRENT_PROJECT_VERSION = 1;
				DEVELOPMENT_ASSET_PATHS = "\"Expense-Present/Preview Content\"";
				ENABLE_PREVIEWS = YES;
				GENERATE_INFOPLIST_FILE = YES;
				INFOPLIST_KEY_UIApplicationSceneManifest_Generation = YES;
				INFOPLIST_KEY_UIApplicationSupportsIndirectInputEvents = YES;
				INFOPLIST_KEY_UILaunchScreen_Generation = YES;
				INFOPLIST_KEY_UISupportedInterfaceOrientations_iPad = "UIInterfaceOrientationPortrait UIInterfaceOrientationPortraitUpsideDown UIInterfaceOrientationLandscapeLeft UIInterfaceOrientationLandscapeRight";
				INFOPLIST_KEY_UISupportedInterfaceOrientations_iPhone = "UIInterfaceOrientationPortrait UIInterfaceOrientationLandscapeLeft UIInterfaceOrientationLandscapeRight";
				LD_RUNPATH_SEARCH_PATHS = (
					"$(inherited)",
					"@executable_path/Frameworks",
				);
				MARKETING_VERSION = 1.0;
				PRODUCT_BUNDLE_IDENTIFIER = "com.rongcosme.Expense-Present";
				PRODUCT_NAME = "$(TARGET_NAME)";
				SWIFT_EMIT_LOC_STRINGS = YES;
				SWIFT_VERSION = 5.0;
				TARGETED_DEVICE_FAMILY = "1,2";
			};
			name = Debug;
		};
		A419203B282A8C0B00E869EA /* Release */ = {
			isa = XCBuildConfiguration;
			buildSettings = {
				ASSETCATALOG_COMPILER_APPICON_NAME = AppIcon;
				ASSETCATALOG_COMPILER_GLOBAL_ACCENT_COLOR_NAME = AccentColor;
				CODE_SIGN_STYLE = Automatic;
				CURRENT_PROJECT_VERSION = 1;
				DEVELOPMENT_ASSET_PATHS = "\"Expense-Present/Preview Content\"";
				ENABLE_PREVIEWS = YES;
				GENERATE_INFOPLIST_FILE = YES;
				INFOPLIST_KEY_UIApplicationSceneManifest_Generation = YES;
				INFOPLIST_KEY_UIApplicationSupportsIndirectInputEvents = YES;
				INFOPLIST_KEY_UILaunchScreen_Generation = YES;
				INFOPLIST_KEY_UISupportedInterfaceOrientations_iPad = "UIInterfaceOrientationPortrait UIInterfaceOrientationPortraitUpsideDown UIInterfaceOrientationLandscapeLeft UIInterfaceOrientationLandscapeRight";
				INFOPLIST_KEY_UISupportedInterfaceOrientations_iPhone = "UIInterfaceOrientationPortrait UIInterfaceOrientationLandscapeLeft UIInterfaceOrientationLandscapeRight";
				LD_RUNPATH_SEARCH_PATHS = (
					"$(inherited)",
					"@executable_path/Frameworks",
				);
				MARKETING_VERSION = 1.0;
				PRODUCT_BUNDLE_IDENTIFIER = "com.rongcosme.Expense-Present";
				PRODUCT_NAME = "$(TARGET_NAME)";
				SWIFT_EMIT_LOC_STRINGS = YES;
				SWIFT_VERSION = 5.0;
				TARGETED_DEVICE_FAMILY = "1,2";
			};
			name = Release;
		};
/* End XCBuildConfiguration section */

/* Begin XCConfigurationList section */
		A4192026282A8C0B00E869EA /* Build configuration list for PBXProject "Expense-Present" */ = {
			isa = XCConfigurationList;
			buildConfigurations = (
				A4192037282A8C0B00E869EA /* Debug */,
				A4192038282A8C0B00E869EA /* Release */,
			);
			defaultConfigurationIsVisible = 0;
			defaultConfigurationName = Release;
		};
		A4192039282A8C0B00E869EA /* Build configuration list for PBXNativeTarget "Expense-Present" */ = {
			isa = XCConfigurationList;
			buildConfigurations = (
				A419203A282A8C0B00E869EA /* Debug */,
				A419203B282A8C0B00E869EA /* Release */,
			);
			defaultConfigurationIsVisible = 0;
			defaultConfigurationName = Release;
		};
/* End XCConfigurationList section */
	};
	rootObject = A4192023282A8C0B00E869EA /* Project object */;
}
