// !$*UTF8*$!
{
	archiveVersion = 1;
	classes = {
	};
	objectVersion = 56;
	objects = {

/* Begin PBXBuildFile section */
		7206A8642965ABE4008C0854 /* MessageDetail.swift in Sources */ = {isa = PBXBuildFile; fileRef = 7206A8632965ABE4008C0854 /* MessageDetail.swift */; };
		7206A8662965B247008C0854 /* Home.swift in Sources */ = {isa = PBXBuildFile; fileRef = 7206A8652965B247008C0854 /* Home.swift */; };
		7281241629601AD600EB3038 /* WeChatHomeViewApp.swift in Sources */ = {isa = PBXBuildFile; fileRef = 7281241529601AD600EB3038 /* WeChatHomeViewApp.swift */; };
		7281241829601AD600EB3038 /* MessageList.swift in Sources */ = {isa = PBXBuildFile; fileRef = 7281241729601AD600EB3038 /* MessageList.swift */; };
		7281241A29601AD700EB3038 /* Assets.xcassets in Resources */ = {isa = PBXBuildFile; fileRef = 7281241929601AD700EB3038 /* Assets.xcassets */; };
		7281241D29601AD700EB3038 /* Preview Assets.xcassets in Resources */ = {isa = PBXBuildFile; fileRef = 7281241C29601AD700EB3038 /* Preview Assets.xcassets */; };
		7281242729601AD700EB3038 /* WeChatHomeViewTests.swift in Sources */ = {isa = PBXBuildFile; fileRef = 7281242629601AD700EB3038 /* WeChatHomeViewTests.swift */; };
		7281243129601AD700EB3038 /* WeChatHomeViewUITests.swift in Sources */ = {isa = PBXBuildFile; fileRef = 7281243029601AD700EB3038 /* WeChatHomeViewUITests.swift */; };
		7281243329601AD700EB3038 /* WeChatHomeViewUITestsLaunchTests.swift in Sources */ = {isa = PBXBuildFile; fileRef = 7281243229601AD700EB3038 /* WeChatHomeViewUITestsLaunchTests.swift */; };
		728124402960486100EB3038 /* Message.swift in Sources */ = {isa = PBXBuildFile; fileRef = 7281243F2960486100EB3038 /* Message.swift */; };
		72A1047929646211009B56F2 /* MessageRow.swift in Sources */ = {isa = PBXBuildFile; fileRef = 72A1047829646211009B56F2 /* MessageRow.swift */; };
/* End PBXBuildFile section */

/* Begin PBXContainerItemProxy section */
		7281242329601AD700EB3038 /* PBXContainerItemProxy */ = {
			isa = PBXContainerItemProxy;
			containerPortal = 7281240A29601AD600EB3038 /* Project object */;
			proxyType = 1;
			remoteGlobalIDString = 7281241129601AD600EB3038;
			remoteInfo = WeChatHomeView;
		};
		7281242D29601AD700EB3038 /* PBXContainerItemProxy */ = {
			isa = PBXContainerItemProxy;
			containerPortal = 7281240A29601AD600EB3038 /* Project object */;
			proxyType = 1;
			remoteGlobalIDString = 7281241129601AD600EB3038;
			remoteInfo = WeChatHomeView;
		};
/* End PBXContainerItemProxy section */

/* Begin PBXFileReference section */
		7206A8632965ABE4008C0854 /* MessageDetail.swift */ = {isa = PBXFileReference; lastKnownFileType = sourcecode.swift; path = MessageDetail.swift; sourceTree = "<group>"; };
		7206A8652965B247008C0854 /* Home.swift */ = {isa = PBXFileReference; lastKnownFileType = sourcecode.swift; path = Home.swift; sourceTree = "<group>"; };
		7281241229601AD600EB3038 /* WeChatHomeView.app */ = {isa = PBXFileReference; explicitFileType = wrapper.application; includeInIndex = 0; path = WeChatHomeView.app; sourceTree = BUILT_PRODUCTS_DIR; };
		7281241529601AD600EB3038 /* WeChatHomeViewApp.swift */ = {isa = PBXFileReference; lastKnownFileType = sourcecode.swift; path = WeChatHomeViewApp.swift; sourceTree = "<group>"; };
		7281241729601AD600EB3038 /* MessageList.swift */ = {isa = PBXFileReference; lastKnownFileType = sourcecode.swift; path = MessageList.swift; sourceTree = "<group>"; };
		7281241929601AD700EB3038 /* Assets.xcassets */ = {isa = PBXFileReference; lastKnownFileType = folder.assetcatalog; path = Assets.xcassets; sourceTree = "<group>"; };
		7281241C29601AD700EB3038 /* Preview Assets.xcassets */ = {isa = PBXFileReference; lastKnownFileType = folder.assetcatalog; path = "Preview Assets.xcassets"; sourceTree = "<group>"; };
		7281242229601AD700EB3038 /* WeChatHomeViewTests.xctest */ = {isa = PBXFileReference; explicitFileType = wrapper.cfbundle; includeInIndex = 0; path = WeChatHomeViewTests.xctest; sourceTree = BUILT_PRODUCTS_DIR; };
		7281242629601AD700EB3038 /* WeChatHomeViewTests.swift */ = {isa = PBXFileReference; lastKnownFileType = sourcecode.swift; path = WeChatHomeViewTests.swift; sourceTree = "<group>"; };
		7281242C29601AD700EB3038 /* WeChatHomeViewUITests.xctest */ = {isa = PBXFileReference; explicitFileType = wrapper.cfbundle; includeInIndex = 0; path = WeChatHomeViewUITests.xctest; sourceTree = BUILT_PRODUCTS_DIR; };
		7281243029601AD700EB3038 /* WeChatHomeViewUITests.swift */ = {isa = PBXFileReference; lastKnownFileType = sourcecode.swift; path = WeChatHomeViewUITests.swift; sourceTree = "<group>"; };
		7281243229601AD700EB3038 /* WeChatHomeViewUITestsLaunchTests.swift */ = {isa = PBXFileReference; lastKnownFileType = sourcecode.swift; path = WeChatHomeViewUITestsLaunchTests.swift; sourceTree = "<group>"; };
		7281243F2960486100EB3038 /* Message.swift */ = {isa = PBXFileReference; lastKnownFileType = sourcecode.swift; path = Message.swift; sourceTree = "<group>"; };
		72A1047829646211009B56F2 /* MessageRow.swift */ = {isa = PBXFileReference; lastKnownFileType = sourcecode.swift; path = MessageRow.swift; sourceTree = "<group>"; };
		72B8DBE4296EF085009DB3EF /* MyPlayground.playground */ = {isa = PBXFileReference; lastKnownFileType = file.playground; path = MyPlayground.playground; sourceTree = "<group>"; xcLanguageSpecificationIdentifier = xcode.lang.swift; };
/* End PBXFileReference section */

/* Begin PBXFrameworksBuildPhase section */
		7281240F29601AD600EB3038 /* Frameworks */ = {
			isa = PBXFrameworksBuildPhase;
			buildActionMask = 2147483647;
			files = (
			);
			runOnlyForDeploymentPostprocessing = 0;
		};
		7281241F29601AD700EB3038 /* Frameworks */ = {
			isa = PBXFrameworksBuildPhase;
			buildActionMask = 2147483647;
			files = (
			);
			runOnlyForDeploymentPostprocessing = 0;
		};
		7281242929601AD700EB3038 /* Frameworks */ = {
			isa = PBXFrameworksBuildPhase;
			buildActionMask = 2147483647;
			files = (
			);
			runOnlyForDeploymentPostprocessing = 0;
		};
/* End PBXFrameworksBuildPhase section */

/* Begin PBXGroup section */
		7206A8672965B25D008C0854 /* Model */ = {
			isa = PBXGroup;
			children = (
				7281243F2960486100EB3038 /* Message.swift */,
			);
			path = Model;
			sourceTree = "<group>";
		};
		7281240929601AD600EB3038 = {
			isa = PBXGroup;
			children = (
				7281241429601AD600EB3038 /* WeChatHomeView */,
				7281242529601AD700EB3038 /* WeChatHomeViewTests */,
				7281242F29601AD700EB3038 /* WeChatHomeViewUITests */,
				7281241329601AD600EB3038 /* Products */,
			);
			sourceTree = "<group>";
		};
		7281241329601AD600EB3038 /* Products */ = {
			isa = PBXGroup;
			children = (
				7281241229601AD600EB3038 /* WeChatHomeView.app */,
				7281242229601AD700EB3038 /* WeChatHomeViewTests.xctest */,
				7281242C29601AD700EB3038 /* WeChatHomeViewUITests.xctest */,
			);
			name = Products;
			sourceTree = "<group>";
		};
		7281241429601AD600EB3038 /* WeChatHomeView */ = {
			isa = PBXGroup;
			children = (
				7281241529601AD600EB3038 /* WeChatHomeViewApp.swift */,
				7206A8652965B247008C0854 /* Home.swift */,
				7281241729601AD600EB3038 /* MessageList.swift */,
				72A1047829646211009B56F2 /* MessageRow.swift */,
				7206A8632965ABE4008C0854 /* MessageDetail.swift */,
				7206A8672965B25D008C0854 /* Model */,
				7281241929601AD700EB3038 /* Assets.xcassets */,
				7281241B29601AD700EB3038 /* Preview Content */,
				72B8DBE4296EF085009DB3EF /* MyPlayground.playground */,
			);
			path = WeChatHomeView;
			sourceTree = "<group>";
		};
		7281241B29601AD700EB3038 /* Preview Content */ = {
			isa = PBXGroup;
			children = (
				7281241C29601AD700EB3038 /* Preview Assets.xcassets */,
			);
			path = "Preview Content";
			sourceTree = "<group>";
		};
		7281242529601AD700EB3038 /* WeChatHomeViewTests */ = {
			isa = PBXGroup;
			children = (
				7281242629601AD700EB3038 /* WeChatHomeViewTests.swift */,
			);
			path = WeChatHomeViewTests;
			sourceTree = "<group>";
		};
		7281242F29601AD700EB3038 /* WeChatHomeViewUITests */ = {
			isa = PBXGroup;
			children = (
				7281243029601AD700EB3038 /* WeChatHomeViewUITests.swift */,
				7281243229601AD700EB3038 /* WeChatHomeViewUITestsLaunchTests.swift */,
			);
			path = WeChatHomeViewUITests;
			sourceTree = "<group>";
		};
/* End PBXGroup section */

/* Begin PBXNativeTarget section */
		7281241129601AD600EB3038 /* WeChatHomeView */ = {
			isa = PBXNativeTarget;
			buildConfigurationList = 7281243629601AD700EB3038 /* Build configuration list for PBXNativeTarget "WeChatHomeView" */;
			buildPhases = (
				7281240E29601AD600EB3038 /* Sources */,
				7281240F29601AD600EB3038 /* Frameworks */,
				7281241029601AD600EB3038 /* Resources */,
			);
			buildRules = (
			);
			dependencies = (
			);
			name = WeChatHomeView;
			productName = WeChatHomeView;
			productReference = 7281241229601AD600EB3038 /* WeChatHomeView.app */;
			productType = "com.apple.product-type.application";
		};
		7281242129601AD700EB3038 /* WeChatHomeViewTests */ = {
			isa = PBXNativeTarget;
			buildConfigurationList = 7281243929601AD700EB3038 /* Build configuration list for PBXNativeTarget "WeChatHomeViewTests" */;
			buildPhases = (
				7281241E29601AD700EB3038 /* Sources */,
				7281241F29601AD700EB3038 /* Frameworks */,
				7281242029601AD700EB3038 /* Resources */,
			);
			buildRules = (
			);
			dependencies = (
				7281242429601AD700EB3038 /* PBXTargetDependency */,
			);
			name = WeChatHomeViewTests;
			productName = WeChatHomeViewTests;
			productReference = 7281242229601AD700EB3038 /* WeChatHomeViewTests.xctest */;
			productType = "com.apple.product-type.bundle.unit-test";
		};
		7281242B29601AD700EB3038 /* WeChatHomeViewUITests */ = {
			isa = PBXNativeTarget;
			buildConfigurationList = 7281243C29601AD700EB3038 /* Build configuration list for PBXNativeTarget "WeChatHomeViewUITests" */;
			buildPhases = (
				7281242829601AD700EB3038 /* Sources */,
				7281242929601AD700EB3038 /* Frameworks */,
				7281242A29601AD700EB3038 /* Resources */,
			);
			buildRules = (
			);
			dependencies = (
				7281242E29601AD700EB3038 /* PBXTargetDependency */,
			);
			name = WeChatHomeViewUITests;
			productName = WeChatHomeViewUITests;
			productReference = 7281242C29601AD700EB3038 /* WeChatHomeViewUITests.xctest */;
			productType = "com.apple.product-type.bundle.ui-testing";
		};
/* End PBXNativeTarget section */

/* Begin PBXProject section */
		7281240A29601AD600EB3038 /* Project object */ = {
			isa = PBXProject;
			attributes = {
				BuildIndependentTargetsInParallel = 1;
				LastSwiftUpdateCheck = 1420;
				LastUpgradeCheck = 1420;
				TargetAttributes = {
					7281241129601AD600EB3038 = {
						CreatedOnToolsVersion = 14.2;
					};
					7281242129601AD700EB3038 = {
						CreatedOnToolsVersion = 14.2;
						TestTargetID = 7281241129601AD600EB3038;
					};
					7281242B29601AD700EB3038 = {
						CreatedOnToolsVersion = 14.2;
						TestTargetID = 7281241129601AD600EB3038;
					};
				};
			};
			buildConfigurationList = 7281240D29601AD600EB3038 /* Build configuration list for PBXProject "WeChatHomeView" */;
			compatibilityVersion = "Xcode 14.0";
			developmentRegion = en;
			hasScannedForEncodings = 0;
			knownRegions = (
				en,
				Base,
			);
			mainGroup = 7281240929601AD600EB3038;
			productRefGroup = 7281241329601AD600EB3038 /* Products */;
			projectDirPath = "";
			projectRoot = "";
			targets = (
				7281241129601AD600EB3038 /* WeChatHomeView */,
				7281242129601AD700EB3038 /* WeChatHomeViewTests */,
				7281242B29601AD700EB3038 /* WeChatHomeViewUITests */,
			);
		};
/* End PBXProject section */

/* Begin PBXResourcesBuildPhase section */
		7281241029601AD600EB3038 /* Resources */ = {
			isa = PBXResourcesBuildPhase;
			buildActionMask = 2147483647;
			files = (
				7281241D29601AD700EB3038 /* Preview Assets.xcassets in Resources */,
				7281241A29601AD700EB3038 /* Assets.xcassets in Resources */,
			);
			runOnlyForDeploymentPostprocessing = 0;
		};
		7281242029601AD700EB3038 /* Resources */ = {
			isa = PBXResourcesBuildPhase;
			buildActionMask = 2147483647;
			files = (
			);
			runOnlyForDeploymentPostprocessing = 0;
		};
		7281242A29601AD700EB3038 /* Resources */ = {
			isa = PBXResourcesBuildPhase;
			buildActionMask = 2147483647;
			files = (
			);
			runOnlyForDeploymentPostprocessing = 0;
		};
/* End PBXResourcesBuildPhase section */

/* Begin PBXSourcesBuildPhase section */
		7281240E29601AD600EB3038 /* Sources */ = {
			isa = PBXSourcesBuildPhase;
			buildActionMask = 2147483647;
			files = (
				7206A8642965ABE4008C0854 /* MessageDetail.swift in Sources */,
				72A1047929646211009B56F2 /* MessageRow.swift in Sources */,
				7281241829601AD600EB3038 /* MessageList.swift in Sources */,
				7281241629601AD600EB3038 /* WeChatHomeViewApp.swift in Sources */,
				7206A8662965B247008C0854 /* Home.swift in Sources */,
				728124402960486100EB3038 /* Message.swift in Sources */,
			);
			runOnlyForDeploymentPostprocessing = 0;
		};
		7281241E29601AD700EB3038 /* Sources */ = {
			isa = PBXSourcesBuildPhase;
			buildActionMask = 2147483647;
			files = (
				7281242729601AD700EB3038 /* WeChatHomeViewTests.swift in Sources */,
			);
			runOnlyForDeploymentPostprocessing = 0;
		};
		7281242829601AD700EB3038 /* Sources */ = {
			isa = PBXSourcesBuildPhase;
			buildActionMask = 2147483647;
			files = (
				7281243329601AD700EB3038 /* WeChatHomeViewUITestsLaunchTests.swift in Sources */,
				7281243129601AD700EB3038 /* WeChatHomeViewUITests.swift in Sources */,
			);
			runOnlyForDeploymentPostprocessing = 0;
		};
/* End PBXSourcesBuildPhase section */

/* Begin PBXTargetDependency section */
		7281242429601AD700EB3038 /* PBXTargetDependency */ = {
			isa = PBXTargetDependency;
			target = 7281241129601AD600EB3038 /* WeChatHomeView */;
			targetProxy = 7281242329601AD700EB3038 /* PBXContainerItemProxy */;
		};
		7281242E29601AD700EB3038 /* PBXTargetDependency */ = {
			isa = PBXTargetDependency;
			target = 7281241129601AD600EB3038 /* WeChatHomeView */;
			targetProxy = 7281242D29601AD700EB3038 /* PBXContainerItemProxy */;
		};
/* End PBXTargetDependency section */

/* Begin XCBuildConfiguration section */
		7281243429601AD700EB3038 /* Debug */ = {
			isa = XCBuildConfiguration;
			buildSettings = {
				ALWAYS_SEARCH_USER_PATHS = NO;
				CLANG_ANALYZER_NONNULL = YES;
				CLANG_ANALYZER_NUMBER_OBJECT_CONVERSION = YES_AGGRESSIVE;
				CLANG_CXX_LANGUAGE_STANDARD = "gnu++20";
				CLANG_ENABLE_MODULES = YES;
				CLANG_ENABLE_OBJC_ARC = YES;
				CLANG_ENABLE_OBJC_WEAK = YES;
				CLANG_WARN_BLOCK_CAPTURE_AUTORELEASING = YES;
				CLANG_WARN_BOOL_CONVERSION = YES;
				CLANG_WARN_COMMA = YES;
				CLANG_WARN_CONSTANT_CONVERSION = YES;
				CLANG_WARN_DEPRECATED_OBJC_IMPLEMENTATIONS = YES;
				CLANG_WARN_DIRECT_OBJC_ISA_USAGE = YES_ERROR;
				CLANG_WARN_DOCUMENTATION_COMMENTS = YES;
				CLANG_WARN_EMPTY_BODY = YES;
				CLANG_WARN_ENUM_CONVERSION = YES;
				CLANG_WARN_INFINITE_RECURSION = YES;
				CLANG_WARN_INT_CONVERSION = YES;
				CLANG_WARN_NON_LITERAL_NULL_CONVERSION = YES;
				CLANG_WARN_OBJC_IMPLICIT_RETAIN_SELF = YES;
				CLANG_WARN_OBJC_LITERAL_CONVERSION = YES;
				CLANG_WARN_OBJC_ROOT_CLASS = YES_ERROR;
				CLANG_WARN_QUOTED_INCLUDE_IN_FRAMEWORK_HEADER = YES;
				CLANG_WARN_RANGE_LOOP_ANALYSIS = YES;
				CLANG_WARN_STRICT_PROTOTYPES = YES;
				CLANG_WARN_SUSPICIOUS_MOVE = YES;
				CLANG_WARN_UNGUARDED_AVAILABILITY = YES_AGGRESSIVE;
				CLANG_WARN_UNREACHABLE_CODE = YES;
				CLANG_WARN__DUPLICATE_METHOD_MATCH = YES;
				COPY_PHASE_STRIP = NO;
				DEBUG_INFORMATION_FORMAT = dwarf;
				ENABLE_STRICT_OBJC_MSGSEND = YES;
				ENABLE_TESTABILITY = YES;
				GCC_C_LANGUAGE_STANDARD = gnu11;
				GCC_DYNAMIC_NO_PIC = NO;
				GCC_NO_COMMON_BLOCKS = YES;
				GCC_OPTIMIZATION_LEVEL = 0;
				GCC_PREPROCESSOR_DEFINITIONS = (
					"DEBUG=1",
					"$(inherited)",
				);
				GCC_WARN_64_TO_32_BIT_CONVERSION = YES;
				GCC_WARN_ABOUT_RETURN_TYPE = YES_ERROR;
				GCC_WARN_UNDECLARED_SELECTOR = YES;
				GCC_WARN_UNINITIALIZED_AUTOS = YES_AGGRESSIVE;
				GCC_WARN_UNUSED_FUNCTION = YES;
				GCC_WARN_UNUSED_VARIABLE = YES;
				IPHONEOS_DEPLOYMENT_TARGET = 16.2;
				MTL_ENABLE_DEBUG_INFO = INCLUDE_SOURCE;
				MTL_FAST_MATH = YES;
				ONLY_ACTIVE_ARCH = YES;
				SDKROOT = iphoneos;
				SWIFT_ACTIVE_COMPILATION_CONDITIONS = DEBUG;
				SWIFT_OPTIMIZATION_LEVEL = "-Onone";
			};
			name = Debug;
		};
		7281243529601AD700EB3038 /* Release */ = {
			isa = XCBuildConfiguration;
			buildSettings = {
				ALWAYS_SEARCH_USER_PATHS = NO;
				CLANG_ANALYZER_NONNULL = YES;
				CLANG_ANALYZER_NUMBER_OBJECT_CONVERSION = YES_AGGRESSIVE;
				CLANG_CXX_LANGUAGE_STANDARD = "gnu++20";
				CLANG_ENABLE_MODULES = YES;
				CLANG_ENABLE_OBJC_ARC = YES;
				CLANG_ENABLE_OBJC_WEAK = YES;
				CLANG_WARN_BLOCK_CAPTURE_AUTORELEASING = YES;
				CLANG_WARN_BOOL_CONVERSION = YES;
				CLANG_WARN_COMMA = YES;
				CLANG_WARN_CONSTANT_CONVERSION = YES;
				CLANG_WARN_DEPRECATED_OBJC_IMPLEMENTATIONS = YES;
				CLANG_WARN_DIRECT_OBJC_ISA_USAGE = YES_ERROR;
				CLANG_WARN_DOCUMENTATION_COMMENTS = YES;
				CLANG_WARN_EMPTY_BODY = YES;
				CLANG_WARN_ENUM_CONVERSION = YES;
				CLANG_WARN_INFINITE_RECURSION = YES;
				CLANG_WARN_INT_CONVERSION = YES;
				CLANG_WARN_NON_LITERAL_NULL_CONVERSION = YES;
				CLANG_WARN_OBJC_IMPLICIT_RETAIN_SELF = YES;
				CLANG_WARN_OBJC_LITERAL_CONVERSION = YES;
				CLANG_WARN_OBJC_ROOT_CLASS = YES_ERROR;
				CLANG_WARN_QUOTED_INCLUDE_IN_FRAMEWORK_HEADER = YES;
				CLANG_WARN_RANGE_LOOP_ANALYSIS = YES;
				CLANG_WARN_STRICT_PROTOTYPES = YES;
				CLANG_WARN_SUSPICIOUS_MOVE = YES;
				CLANG_WARN_UNGUARDED_AVAILABILITY = YES_AGGRESSIVE;
				CLANG_WARN_UNREACHABLE_CODE = YES;
				CLANG_WARN__DUPLICATE_METHOD_MATCH = YES;
				COPY_PHASE_STRIP = NO;
				DEBUG_INFORMATION_FORMAT = "dwarf-with-dsym";
				ENABLE_NS_ASSERTIONS = NO;
				ENABLE_STRICT_OBJC_MSGSEND = YES;
				GCC_C_LANGUAGE_STANDARD = gnu11;
				GCC_NO_COMMON_BLOCKS = YES;
				GCC_WARN_64_TO_32_BIT_CONVERSION = YES;
				GCC_WARN_ABOUT_RETURN_TYPE = YES_ERROR;
				GCC_WARN_UNDECLARED_SELECTOR = YES;
				GCC_WARN_UNINITIALIZED_AUTOS = YES_AGGRESSIVE;
				GCC_WARN_UNUSED_FUNCTION = YES;
				GCC_WARN_UNUSED_VARIABLE = YES;
				IPHONEOS_DEPLOYMENT_TARGET = 16.2;
				MTL_ENABLE_DEBUG_INFO = NO;
				MTL_FAST_MATH = YES;
				SDKROOT = iphoneos;
				SWIFT_COMPILATION_MODE = wholemodule;
				SWIFT_OPTIMIZATION_LEVEL = "-O";
				VALIDATE_PRODUCT = YES;
			};
			name = Release;
		};
		7281243729601AD700EB3038 /* Debug */ = {
			isa = XCBuildConfiguration;
			buildSettings = {
				ASSETCATALOG_COMPILER_APPICON_NAME = AppIcon;
				ASSETCATALOG_COMPILER_GLOBAL_ACCENT_COLOR_NAME = AccentColor;
				CODE_SIGN_STYLE = Automatic;
				CURRENT_PROJECT_VERSION = 1;
				DEVELOPMENT_ASSET_PATHS = "\"WeChatHomeView/Preview Content\"";
				ENABLE_PREVIEWS = YES;
				GENERATE_INFOPLIST_FILE = YES;
				INFOPLIST_KEY_UIApplicationSceneManifest_Generation = YES;
				INFOPLIST_KEY_UIApplicationSupportsIndirectInputEvents = YES;
				INFOPLIST_KEY_UILaunchScreen_Generation = YES;
				INFOPLIST_KEY_UISupportedInterfaceOrientations = "UIInterfaceOrientationLandscapeLeft UIInterfaceOrientationLandscapeRight UIInterfaceOrientationPortrait";
				INFOPLIST_KEY_UISupportedInterfaceOrientations_iPad = "UIInterfaceOrientationLandscapeLeft UIInterfaceOrientationPortrait";
				LD_RUNPATH_SEARCH_PATHS = (
					"$(inherited)",
					"@executable_path/Frameworks",
				);
				MARKETING_VERSION = 1.0;
				PRODUCT_BUNDLE_IDENTIFIER = com.liunianhuaguoyanxi.WeChatHomeView;
				PRODUCT_NAME = "$(TARGET_NAME)";
				SUPPORTED_PLATFORMS = "iphoneos iphonesimulator";
				SUPPORTS_MACCATALYST = NO;
				SUPPORTS_MAC_DESIGNED_FOR_IPHONE_IPAD = YES;
				SWIFT_EMIT_LOC_STRINGS = YES;
				SWIFT_VERSION = 5.0;
				TARGETED_DEVICE_FAMILY = 1;
			};
			name = Debug;
		};
		7281243829601AD700EB3038 /* Release */ = {
			isa = XCBuildConfiguration;
			buildSettings = {
				ASSETCATALOG_COMPILER_APPICON_NAME = AppIcon;
				ASSETCATALOG_COMPILER_GLOBAL_ACCENT_COLOR_NAME = AccentColor;
				CODE_SIGN_STYLE = Automatic;
				CURRENT_PROJECT_VERSION = 1;
				DEVELOPMENT_ASSET_PATHS = "\"WeChatHomeView/Preview Content\"";
				ENABLE_PREVIEWS = YES;
				GENERATE_INFOPLIST_FILE = YES;
				INFOPLIST_KEY_UIApplicationSceneManifest_Generation = YES;
				INFOPLIST_KEY_UIApplicationSupportsIndirectInputEvents = YES;
				INFOPLIST_KEY_UILaunchScreen_Generation = YES;
				INFOPLIST_KEY_UISupportedInterfaceOrientations = "UIInterfaceOrientationLandscapeLeft UIInterfaceOrientationLandscapeRight UIInterfaceOrientationPortrait";
				INFOPLIST_KEY_UISupportedInterfaceOrientations_iPad = "UIInterfaceOrientationLandscapeLeft UIInterfaceOrientationPortrait";
				LD_RUNPATH_SEARCH_PATHS = (
					"$(inherited)",
					"@executable_path/Frameworks",
				);
				MARKETING_VERSION = 1.0;
				PRODUCT_BUNDLE_IDENTIFIER = com.liunianhuaguoyanxi.WeChatHomeView;
				PRODUCT_NAME = "$(TARGET_NAME)";
				SUPPORTED_PLATFORMS = "iphoneos iphonesimulator";
				SUPPORTS_MACCATALYST = NO;
				SUPPORTS_MAC_DESIGNED_FOR_IPHONE_IPAD = YES;
				SWIFT_EMIT_LOC_STRINGS = YES;
				SWIFT_VERSION = 5.0;
				TARGETED_DEVICE_FAMILY = 1;
			};
			name = Release;
		};
		7281243A29601AD700EB3038 /* Debug */ = {
			isa = XCBuildConfiguration;
			buildSettings = {
				ALWAYS_EMBED_SWIFT_STANDARD_LIBRARIES = YES;
				BUNDLE_LOADER = "$(TEST_HOST)";
				CODE_SIGN_STYLE = Automatic;
				CURRENT_PROJECT_VERSION = 1;
				GENERATE_INFOPLIST_FILE = YES;
				IPHONEOS_DEPLOYMENT_TARGET = 16.2;
				MARKETING_VERSION = 1.0;
				PRODUCT_BUNDLE_IDENTIFIER = com.liunianhuaguoyanxi.WeChatHomeViewTests;
				PRODUCT_NAME = "$(TARGET_NAME)";
				SWIFT_EMIT_LOC_STRINGS = NO;
				SWIFT_VERSION = 5.0;
				TARGETED_DEVICE_FAMILY = "1,2";
				TEST_HOST = "$(BUILT_PRODUCTS_DIR)/WeChatHomeView.app/$(BUNDLE_EXECUTABLE_FOLDER_PATH)/WeChatHomeView";
			};
			name = Debug;
		};
		7281243B29601AD700EB3038 /* Release */ = {
			isa = XCBuildConfiguration;
			buildSettings = {
				ALWAYS_EMBED_SWIFT_STANDARD_LIBRARIES = YES;
				BUNDLE_LOADER = "$(TEST_HOST)";
				CODE_SIGN_STYLE = Automatic;
				CURRENT_PROJECT_VERSION = 1;
				GENERATE_INFOPLIST_FILE = YES;
				IPHONEOS_DEPLOYMENT_TARGET = 16.2;
				MARKETING_VERSION = 1.0;
				PRODUCT_BUNDLE_IDENTIFIER = com.liunianhuaguoyanxi.WeChatHomeViewTests;
				PRODUCT_NAME = "$(TARGET_NAME)";
				SWIFT_EMIT_LOC_STRINGS = NO;
				SWIFT_VERSION = 5.0;
				TARGETED_DEVICE_FAMILY = "1,2";
				TEST_HOST = "$(BUILT_PRODUCTS_DIR)/WeChatHomeView.app/$(BUNDLE_EXECUTABLE_FOLDER_PATH)/WeChatHomeView";
			};
			name = Release;
		};
		7281243D29601AD700EB3038 /* Debug */ = {
			isa = XCBuildConfiguration;
			buildSettings = {
				ALWAYS_EMBED_SWIFT_STANDARD_LIBRARIES = YES;
				CODE_SIGN_STYLE = Automatic;
				CURRENT_PROJECT_VERSION = 1;
				GENERATE_INFOPLIST_FILE = YES;
				MARKETING_VERSION = 1.0;
				PRODUCT_BUNDLE_IDENTIFIER = com.liunianhuaguoyanxi.WeChatHomeViewUITests;
				PRODUCT_NAME = "$(TARGET_NAME)";
				SWIFT_EMIT_LOC_STRINGS = NO;
				SWIFT_VERSION = 5.0;
				TARGETED_DEVICE_FAMILY = "1,2";
				TEST_TARGET_NAME = WeChatHomeView;
			};
			name = Debug;
		};
		7281243E29601AD700EB3038 /* Release */ = {
			isa = XCBuildConfiguration;
			buildSettings = {
				ALWAYS_EMBED_SWIFT_STANDARD_LIBRARIES = YES;
				CODE_SIGN_STYLE = Automatic;
				CURRENT_PROJECT_VERSION = 1;
				GENERATE_INFOPLIST_FILE = YES;
				MARKETING_VERSION = 1.0;
				PRODUCT_BUNDLE_IDENTIFIER = com.liunianhuaguoyanxi.WeChatHomeViewUITests;
				PRODUCT_NAME = "$(TARGET_NAME)";
				SWIFT_EMIT_LOC_STRINGS = NO;
				SWIFT_VERSION = 5.0;
				TARGETED_DEVICE_FAMILY = "1,2";
				TEST_TARGET_NAME = WeChatHomeView;
			};
			name = Release;
		};
/* End XCBuildConfiguration section */

/* Begin XCConfigurationList section */
		7281240D29601AD600EB3038 /* Build configuration list for PBXProject "WeChatHomeView" */ = {
			isa = XCConfigurationList;
			buildConfigurations = (
				7281243429601AD700EB3038 /* Debug */,
				7281243529601AD700EB3038 /* Release */,
			);
			defaultConfigurationIsVisible = 0;
			defaultConfigurationName = Release;
		};
		7281243629601AD700EB3038 /* Build configuration list for PBXNativeTarget "WeChatHomeView" */ = {
			isa = XCConfigurationList;
			buildConfigurations = (
				7281243729601AD700EB3038 /* Debug */,
				7281243829601AD700EB3038 /* Release */,
			);
			defaultConfigurationIsVisible = 0;
			defaultConfigurationName = Release;
		};
		7281243929601AD700EB3038 /* Build configuration list for PBXNativeTarget "WeChatHomeViewTests" */ = {
			isa = XCConfigurationList;
			buildConfigurations = (
				7281243A29601AD700EB3038 /* Debug */,
				7281243B29601AD700EB3038 /* Release */,
			);
			defaultConfigurationIsVisible = 0;
			defaultConfigurationName = Release;
		};
		7281243C29601AD700EB3038 /* Build configuration list for PBXNativeTarget "WeChatHomeViewUITests" */ = {
			isa = XCConfigurationList;
			buildConfigurations = (
				7281243D29601AD700EB3038 /* Debug */,
				7281243E29601AD700EB3038 /* Release */,
			);
			defaultConfigurationIsVisible = 0;
			defaultConfigurationName = Release;
		};
/* End XCConfigurationList section */
	};
	rootObject = 7281240A29601AD600EB3038 /* Project object */;
}
